
Microsoft Visual Studio Solution File, Format Version 12.00
# Visual Studio Version 17
VisualStudioVersion = 17.13.35913.81 d17.13
MinimumVisualStudioVersion = 10.0.40219.1
Project("{FAE04EC0-301F-11D3-BF4B-00C04F79EFBC}") = "my-apps-consoles", "my-apps-consoles\my-apps-consoles.csproj", "{DE4700CC-DB2A-4213-B469-9AC0C8A89751}"
EndProject
Global
	GlobalSection(SolutionConfigurationPlatforms) = preSolution
		Debug|Any CPU = Debug|Any CPU
		Release|Any CPU = Release|Any CPU
	EndGlobalSection
	GlobalSection(ProjectConfigurationPlatforms) = postSolution
		{DE4700CC-DB2A-4213-B469-9AC0C8A89751}.Debug|Any CPU.ActiveCfg = Debug|Any CPU
		{DE4700CC-DB2A-4213-B469-9AC0C8A89751}.Debug|Any CPU.Build.0 = Debug|Any CPU
		{DE4700CC-DB2A-4213-B469-9AC0C8A89751}.Release|Any CPU.ActiveCfg = Release|Any CPU
		{DE4700CC-DB2A-4213-B469-9AC0C8A89751}.Release|Any CPU.Build.0 = Release|Any CPU
	EndGlobalSection
	GlobalSection(SolutionProperties) = preSolution
		HideSolutionNode = FALSE
	EndGlobalSection
	GlobalSection(ExtensibilityGlobals) = postSolution
		SolutionGuid = {F51103F5-20E2-46E1-B52C-C206765F7500}
	EndGlobalSection
EndGlobal
